PODS:
  - Google/Analytics (1.3.2):
    - Google/Core
    - GoogleAnalytics (~> 3.12)
  - Google/Core (1.3.2):
    - GoogleInterchangeUtilities (~> 1.0)
    - GoogleNetworkingUtilities (~> 1.0)
    - GoogleSymbolUtilities (~> 1.0)
    - GoogleUtilities (~> 1.1)
  - GoogleAnalytics (3.14.0)
  - GoogleInterchangeUtilities (1.1.0):
    - GoogleSymbolUtilities (~> 1.0)
  - GoogleNetworkingUtilities (1.0.0):
    - GoogleSymbolUtilities (~> 1.0)
  - GoogleSymbolUtilities (1.0.3)
  - GoogleUtilities (1.1.0):
    - GoogleSymbolUtilities (~> 1.0.0)
  - Reachability (3.2)
  - SBRProjectBase (0.1.4):
    - Google/Analytics
    - Reachability

DEPENDENCIES:
  - SBRProjectBase (from `../`)

EXTERNAL SOURCES:
  SBRProjectBase:
    :path: ../

SPEC CHECKSUMS:
  Google: 97618e118111b998cce1d8dd1bd98b82301d72db
  GoogleAnalytics: 9be1afdb8deeac4bb5f13ca7f7d3b9db2a1f43dc
  GoogleInterchangeUtilities: d7f7174176fbcf9710f696f1acebad4dbd98ac03
  GoogleNetworkingUtilities: 292992ab31b7b4ba32809a0e8b40e324cdfb2c0c
  GoogleSymbolUtilities: 82ad9f93d3615244b3f4ce440f5ab2515e8b4f56
  GoogleUtilities: 8ed9134debe11719097881711464752900668f10
  Reachability: 33e18b67625424e47b6cde6d202dce689ad7af96
  SBRProjectBase: e7e4039f1f109abfd0289746b95ca6f31b139960

PODFILE CHECKSUM: a0c3e7af2779652efd3e3f98a47bc1009184efb2

COCOAPODS: 1.0.1
